
Microsoft Visual Studio Solution File, Format Version 12.00
# Visual Studio 2012
Project("{FAE04EC0-301F-11D3-BF4B-00C04F79EFBC}") = "Fizicki dizajn aplikacija", "Fizicki dizajn aplikacija\Fizicki dizajn aplikacija.csproj", "{6616A249-D668-4012-A016-6F0A04922057}"
EndProject
Global
	GlobalSection(SolutionConfigurationPlatforms) = preSolution
		Debug|Any CPU = Debug|Any CPU
		Release|Any CPU = Release|Any CPU
	EndGlobalSection
	GlobalSection(ProjectConfigurationPlatforms) = postSolution
		{6616A249-D668-4012-A016-6F0A04922057}.Debug|Any CPU.ActiveCfg = Debug|Any CPU
		{6616A249-D668-4012-A016-6F0A04922057}.Debug|Any CPU.Build.0 = Debug|Any CPU
		{6616A249-D668-4012-A016-6F0A04922057}.Release|Any CPU.ActiveCfg = Release|Any CPU
		{6616A249-D668-4012-A016-6F0A04922057}.Release|Any CPU.Build.0 = Release|Any CPU
	EndGlobalSection
	GlobalSection(SolutionProperties) = preSolution
		HideSolutionNode = FALSE
	EndGlobalSection
EndGlobal
